# This file is automatically @generated by Cargo.
# It is not intended for manual editing.
version = 4

[[package]]
name = "helloworld_fdw"
version = "0.2.0"
dependencies = [
 "wit-bindgen-rt",
]

[[package]]
name = "wit-bindgen-rt"
version = "0.41.0"
source = "registry+https://github.com/rust-lang/crates.io-index"
checksum = "c4db52a11d4dfb0a59f194c064055794ee6564eb1ced88c25da2cf76e50c5621"
