# This file is automatically @generated by Cargo.
# It is not intended for manual editing.
version = 3

[[package]]
name = "bitflags"
version = "2.5.0"
source = "registry+https://github.com/rust-lang/crates.io-index"
checksum = "cf4b9d6a944f767f8e5e0db018570623c85f3d925ac718db4e06d0187adb21c1"

[[package]]
name = "helloworld_fdw"
version = "0.1.0"
dependencies = [
 "bitflags",
 "wit-bindgen-rt",
]

[[package]]
name = "wit-bindgen-rt"
version = "0.25.0"
source = "registry+https://github.com/rust-lang/crates.io-index"
checksum = "ef83e2f948056d4195b4c2a236a10378b70c8fd7501039c5a106c1a756fa7da6"
